
Microsoft Visual Studio Solution File, Format Version 12.00
# Visual Studio Version 17
VisualStudioVersion = 17.1.32319.34
MinimumVisualStudioVersion = 10.0.40219.1
Project("{778DAE3C-4631-46EA-AA77-85C1314464D9}") = "SueldoEmpleadoVb", "SueldoEmpleadoVb\SueldoEmpleadoVb.vbproj", "{872FF52E-D333-47B5-A819-06A4B5D9C73C}"
EndProject
Project("{9A19103F-16F7-4668-BE54-9A1E7A4F7556}") = "SueldoEmpleadoCs", "SueldoEmpleadoCs\SueldoEmpleadoCs.csproj", "{B706C826-FF55-424F-8716-D2CD216EC6F2}"
EndProject
Project("{778DAE3C-4631-46EA-AA77-85C1314464D9}") = "OperacionesFuncionesNumericasVb", "OperacionesFuncionesNumericasVb\OperacionesFuncionesNumericasVb.vbproj", "{E6C258A8-E413-4480-A27B-C67E72FD43B0}"
EndProject
Project("{9A19103F-16F7-4668-BE54-9A1E7A4F7556}") = "OperacionesFuncionesAritmeticasCs", "OperacionesFuncionesAritmeticasCs\OperacionesFuncionesAritmeticasCs.csproj", "{334EEBBF-4CEA-4C9F-87DB-498624AA3475}"
EndProject
Project("{778DAE3C-4631-46EA-AA77-85C1314464D9}") = "CadenasOperacionesFuncionesVB", "CadenasOperacionesFuncionesVB\CadenasOperacionesFuncionesVB.vbproj", "{1DC2F33A-CAEF-4A62-9725-093E4A0822A0}"
EndProject
Project("{9A19103F-16F7-4668-BE54-9A1E7A4F7556}") = "CadenasOperacionesFuncionesCs", "CadenasOperacionesFuncionesCs\CadenasOperacionesFuncionesCs.csproj", "{AF2C2087-F3D7-4AA9-A53F-02AD51A2B6AB}"
EndProject
Project("{778DAE3C-4631-46EA-AA77-85C1314464D9}") = "ConstantesVb", "ConstantesVb\ConstantesVb.vbproj", "{AE61A904-5898-4BB4-814E-EF295660E8A0}"
EndProject
Project("{9A19103F-16F7-4668-BE54-9A1E7A4F7556}") = "ConstantesCs", "ConstantesCs\ConstantesCs.csproj", "{EC878540-B7EE-4A14-AB0B-24D7BC187457}"
EndProject
Project("{778DAE3C-4631-46EA-AA77-85C1314464D9}") = "OperacionesFechaHoraVb", "OperacionesFechaHoraVb\OperacionesFechaHoraVb.vbproj", "{86719DDD-7DE6-4C65-BB84-58E07D88857E}"
EndProject
Project("{9A19103F-16F7-4668-BE54-9A1E7A4F7556}") = "OperacionesFechaHoraCs", "OperacionesFechaHoraCs\OperacionesFechaHoraCs.csproj", "{F6B39FBA-E72D-462E-8BAB-A28ADCFB2536}"
EndProject
Project("{778DAE3C-4631-46EA-AA77-85C1314464D9}") = "EnumeracionesVb", "EnumeracionesVb\EnumeracionesVb.vbproj", "{22E6E876-FC36-41CF-8C48-FFC381B76AA3}"
EndProject
Project("{9A19103F-16F7-4668-BE54-9A1E7A4F7556}") = "EnumeracionesCs", "Enumeraciones\EnumeracionesCs.csproj", "{92961A9B-E8F7-4CA6-A84F-C1742182FF02}"
EndProject
Project("{778DAE3C-4631-46EA-AA77-85C1314464D9}") = "SiEntoncesVb", "SiEntoncesVb\SiEntoncesVb.vbproj", "{378C4D9B-DD0D-4134-A03E-46CB9282D6BF}"
EndProject
Project("{9A19103F-16F7-4668-BE54-9A1E7A4F7556}") = "SiEntoncesCs", "SiEntoncesCs\SiEntoncesCs.csproj", "{283CAB67-BC98-47ED-9658-261AD359AAA0}"
EndProject
Project("{778DAE3C-4631-46EA-AA77-85C1314464D9}") = "SeleccionCasoVB", "SiCaso\SeleccionCasoVB.vbproj", "{07B73EB2-EF0F-4747-A0EA-4C90B1716162}"
EndProject
Project("{778DAE3C-4631-46EA-AA77-85C1314464D9}") = "MenuVb", "MenuVb\MenuVb.vbproj", "{AEFE0337-2BFE-414E-BB09-47588B1C8A0D}"
EndProject
Project("{9A19103F-16F7-4668-BE54-9A1E7A4F7556}") = "SeleccionCasoCs", "SeleccionCasoCs\SeleccionCasoCs.csproj", "{D27217D6-6AE2-4263-A2ED-C6B69C5BFDE2}"
EndProject
Project("{778DAE3C-4631-46EA-AA77-85C1314464D9}") = "IteracionParaVb", "IteracionParaVb\IteracionParaVb.vbproj", "{F309245C-198A-4529-9CAE-1824654E8EE5}"
EndProject
Project("{9A19103F-16F7-4668-BE54-9A1E7A4F7556}") = "IteracionParaCs", "IteracionParaCs\IteracionParaCs.csproj", "{ADD3A08C-60F4-4B02-BAB2-7A8D98DB046D}"
EndProject
Project("{778DAE3C-4631-46EA-AA77-85C1314464D9}") = "HacerMientrasVb", "HacerMientrasVb\HacerMientrasVb.vbproj", "{5A822530-C003-42CF-A968-EC2BF746F601}"
EndProject
Project("{778DAE3C-4631-46EA-AA77-85C1314464D9}") = "HacerHastaVb", "HacerHastaVb\HacerHastaVb.vbproj", "{105DD3AB-0A3E-4ADE-8DE6-75E2E019C97B}"
EndProject
Project("{9A19103F-16F7-4668-BE54-9A1E7A4F7556}") = "HacerMientrasCs", "HacerMientrasCs\HacerMientrasCs.csproj", "{83020FD5-12F5-4878-B14E-7790D2FE416A}"
EndProject
Project("{778DAE3C-4631-46EA-AA77-85C1314464D9}") = "RepetirHastaVb", "RepetirHastaVb\RepetirHastaVb.vbproj", "{64B714F1-9E44-40F7-BE62-0685ADC35BD8}"
EndProject
Project("{778DAE3C-4631-46EA-AA77-85C1314464D9}") = "RepetirMientrasVb", "RepetirMientrasVb\RepetirMientrasVb.vbproj", "{AB8C68D7-16FA-4C3E-8D94-732A1E68DF91}"
EndProject
Project("{9A19103F-16F7-4668-BE54-9A1E7A4F7556}") = "RepetirMientrasCs", "RepetirHastaCs\RepetirMientrasCs.csproj", "{C3C00637-EA2C-49EE-888D-8CD4298C3287}"
EndProject
Project("{778DAE3C-4631-46EA-AA77-85C1314464D9}") = "ProcedimientosVb", "ProcedimientosVb\ProcedimientosVb.vbproj", "{945715A3-AFB8-4BAB-A282-2BFBBC6916B2}"
EndProject
Project("{9A19103F-16F7-4668-BE54-9A1E7A4F7556}") = "ProcedimientosCs", "ProcedimientosCs\ProcedimientosCs.csproj", "{CC377335-B71C-4F38-ADAF-A887B8EFAF09}"
EndProject
Project("{778DAE3C-4631-46EA-AA77-85C1314464D9}") = "VectoresVb", "VectoresVb\VectoresVb.vbproj", "{C6501B46-15EB-411B-BEB6-54A6578AA7EC}"
EndProject
Project("{9A19103F-16F7-4668-BE54-9A1E7A4F7556}") = "VectoresCs", "VectoresCs\VectoresCs.csproj", "{49B7D3FC-6FA2-4A6C-ADFB-2F848A1826D2}"
EndProject
Project("{FAE04EC0-301F-11D3-BF4B-00C04F79EFBC}") = "EnumerationAsFlagsCs", "EnumerationAsFlags\EnumerationAsFlagsCs.csproj", "{6C05BC08-E2CF-491B-85BD-7E6F555C540B}"
EndProject
Project("{F184B08F-C81C-45F6-A57F-5ABD9991F28F}") = "EnumerationAsFlagVb", "EnumerationAsFlagVb\EnumerationAsFlagVb.vbproj", "{632EEF6B-FC29-471F-995F-CE4DC74020C5}"
EndProject
Global
	GlobalSection(SolutionConfigurationPlatforms) = preSolution
		Debug|Any CPU = Debug|Any CPU
		Release|Any CPU = Release|Any CPU
	EndGlobalSection
	GlobalSection(ProjectConfigurationPlatforms) = postSolution
		{872FF52E-D333-47B5-A819-06A4B5D9C73C}.Debug|Any CPU.ActiveCfg = Debug|Any CPU
		{872FF52E-D333-47B5-A819-06A4B5D9C73C}.Debug|Any CPU.Build.0 = Debug|Any CPU
		{872FF52E-D333-47B5-A819-06A4B5D9C73C}.Release|Any CPU.ActiveCfg = Release|Any CPU
		{872FF52E-D333-47B5-A819-06A4B5D9C73C}.Release|Any CPU.Build.0 = Release|Any CPU
		{B706C826-FF55-424F-8716-D2CD216EC6F2}.Debug|Any CPU.ActiveCfg = Debug|Any CPU
		{B706C826-FF55-424F-8716-D2CD216EC6F2}.Debug|Any CPU.Build.0 = Debug|Any CPU
		{B706C826-FF55-424F-8716-D2CD216EC6F2}.Release|Any CPU.ActiveCfg = Release|Any CPU
		{B706C826-FF55-424F-8716-D2CD216EC6F2}.Release|Any CPU.Build.0 = Release|Any CPU
		{E6C258A8-E413-4480-A27B-C67E72FD43B0}.Debug|Any CPU.ActiveCfg = Debug|Any CPU
		{E6C258A8-E413-4480-A27B-C67E72FD43B0}.Debug|Any CPU.Build.0 = Debug|Any CPU
		{E6C258A8-E413-4480-A27B-C67E72FD43B0}.Release|Any CPU.ActiveCfg = Release|Any CPU
		{E6C258A8-E413-4480-A27B-C67E72FD43B0}.Release|Any CPU.Build.0 = Release|Any CPU
		{334EEBBF-4CEA-4C9F-87DB-498624AA3475}.Debug|Any CPU.ActiveCfg = Debug|Any CPU
		{334EEBBF-4CEA-4C9F-87DB-498624AA3475}.Debug|Any CPU.Build.0 = Debug|Any CPU
		{334EEBBF-4CEA-4C9F-87DB-498624AA3475}.Release|Any CPU.ActiveCfg = Release|Any CPU
		{334EEBBF-4CEA-4C9F-87DB-498624AA3475}.Release|Any CPU.Build.0 = Release|Any CPU
		{1DC2F33A-CAEF-4A62-9725-093E4A0822A0}.Debug|Any CPU.ActiveCfg = Debug|Any CPU
		{1DC2F33A-CAEF-4A62-9725-093E4A0822A0}.Debug|Any CPU.Build.0 = Debug|Any CPU
		{1DC2F33A-CAEF-4A62-9725-093E4A0822A0}.Release|Any CPU.ActiveCfg = Release|Any CPU
		{1DC2F33A-CAEF-4A62-9725-093E4A0822A0}.Release|Any CPU.Build.0 = Release|Any CPU
		{AF2C2087-F3D7-4AA9-A53F-02AD51A2B6AB}.Debug|Any CPU.ActiveCfg = Debug|Any CPU
		{AF2C2087-F3D7-4AA9-A53F-02AD51A2B6AB}.Debug|Any CPU.Build.0 = Debug|Any CPU
		{AF2C2087-F3D7-4AA9-A53F-02AD51A2B6AB}.Release|Any CPU.ActiveCfg = Release|Any CPU
		{AF2C2087-F3D7-4AA9-A53F-02AD51A2B6AB}.Release|Any CPU.Build.0 = Release|Any CPU
		{AE61A904-5898-4BB4-814E-EF295660E8A0}.Debug|Any CPU.ActiveCfg = Debug|Any CPU
		{AE61A904-5898-4BB4-814E-EF295660E8A0}.Debug|Any CPU.Build.0 = Debug|Any CPU
		{AE61A904-5898-4BB4-814E-EF295660E8A0}.Release|Any CPU.ActiveCfg = Release|Any CPU
		{AE61A904-5898-4BB4-814E-EF295660E8A0}.Release|Any CPU.Build.0 = Release|Any CPU
		{EC878540-B7EE-4A14-AB0B-24D7BC187457}.Debug|Any CPU.ActiveCfg = Debug|Any CPU
		{EC878540-B7EE-4A14-AB0B-24D7BC187457}.Debug|Any CPU.Build.0 = Debug|Any CPU
		{EC878540-B7EE-4A14-AB0B-24D7BC187457}.Release|Any CPU.ActiveCfg = Release|Any CPU
		{EC878540-B7EE-4A14-AB0B-24D7BC187457}.Release|Any CPU.Build.0 = Release|Any CPU
		{86719DDD-7DE6-4C65-BB84-58E07D88857E}.Debug|Any CPU.ActiveCfg = Debug|Any CPU
		{86719DDD-7DE6-4C65-BB84-58E07D88857E}.Debug|Any CPU.Build.0 = Debug|Any CPU
		{86719DDD-7DE6-4C65-BB84-58E07D88857E}.Release|Any CPU.ActiveCfg = Release|Any CPU
		{86719DDD-7DE6-4C65-BB84-58E07D88857E}.Release|Any CPU.Build.0 = Release|Any CPU
		{F6B39FBA-E72D-462E-8BAB-A28ADCFB2536}.Debug|Any CPU.ActiveCfg = Debug|Any CPU
		{F6B39FBA-E72D-462E-8BAB-A28ADCFB2536}.Debug|Any CPU.Build.0 = Debug|Any CPU
		{F6B39FBA-E72D-462E-8BAB-A28ADCFB2536}.Release|Any CPU.ActiveCfg = Release|Any CPU
		{F6B39FBA-E72D-462E-8BAB-A28ADCFB2536}.Release|Any CPU.Build.0 = Release|Any CPU
		{22E6E876-FC36-41CF-8C48-FFC381B76AA3}.Debug|Any CPU.ActiveCfg = Debug|Any CPU
		{22E6E876-FC36-41CF-8C48-FFC381B76AA3}.Debug|Any CPU.Build.0 = Debug|Any CPU
		{22E6E876-FC36-41CF-8C48-FFC381B76AA3}.Release|Any CPU.ActiveCfg = Release|Any CPU
		{22E6E876-FC36-41CF-8C48-FFC381B76AA3}.Release|Any CPU.Build.0 = Release|Any CPU
		{92961A9B-E8F7-4CA6-A84F-C1742182FF02}.Debug|Any CPU.ActiveCfg = Debug|Any CPU
		{92961A9B-E8F7-4CA6-A84F-C1742182FF02}.Debug|Any CPU.Build.0 = Debug|Any CPU
		{92961A9B-E8F7-4CA6-A84F-C1742182FF02}.Release|Any CPU.ActiveCfg = Release|Any CPU
		{92961A9B-E8F7-4CA6-A84F-C1742182FF02}.Release|Any CPU.Build.0 = Release|Any CPU
		{378C4D9B-DD0D-4134-A03E-46CB9282D6BF}.Debug|Any CPU.ActiveCfg = Debug|Any CPU
		{378C4D9B-DD0D-4134-A03E-46CB9282D6BF}.Debug|Any CPU.Build.0 = Debug|Any CPU
		{378C4D9B-DD0D-4134-A03E-46CB9282D6BF}.Release|Any CPU.ActiveCfg = Release|Any CPU
		{378C4D9B-DD0D-4134-A03E-46CB9282D6BF}.Release|Any CPU.Build.0 = Release|Any CPU
		{283CAB67-BC98-47ED-9658-261AD359AAA0}.Debug|Any CPU.ActiveCfg = Debug|Any CPU
		{283CAB67-BC98-47ED-9658-261AD359AAA0}.Debug|Any CPU.Build.0 = Debug|Any CPU
		{283CAB67-BC98-47ED-9658-261AD359AAA0}.Release|Any CPU.ActiveCfg = Release|Any CPU
		{283CAB67-BC98-47ED-9658-261AD359AAA0}.Release|Any CPU.Build.0 = Release|Any CPU
		{07B73EB2-EF0F-4747-A0EA-4C90B1716162}.Debug|Any CPU.ActiveCfg = Debug|Any CPU
		{07B73EB2-EF0F-4747-A0EA-4C90B1716162}.Debug|Any CPU.Build.0 = Debug|Any CPU
		{07B73EB2-EF0F-4747-A0EA-4C90B1716162}.Release|Any CPU.ActiveCfg = Release|Any CPU
		{07B73EB2-EF0F-4747-A0EA-4C90B1716162}.Release|Any CPU.Build.0 = Release|Any CPU
		{AEFE0337-2BFE-414E-BB09-47588B1C8A0D}.Debug|Any CPU.ActiveCfg = Debug|Any CPU
		{AEFE0337-2BFE-414E-BB09-47588B1C8A0D}.Debug|Any CPU.Build.0 = Debug|Any CPU
		{AEFE0337-2BFE-414E-BB09-47588B1C8A0D}.Release|Any CPU.ActiveCfg = Release|Any CPU
		{AEFE0337-2BFE-414E-BB09-47588B1C8A0D}.Release|Any CPU.Build.0 = Release|Any CPU
		{D27217D6-6AE2-4263-A2ED-C6B69C5BFDE2}.Debug|Any CPU.ActiveCfg = Debug|Any CPU
		{D27217D6-6AE2-4263-A2ED-C6B69C5BFDE2}.Debug|Any CPU.Build.0 = Debug|Any CPU
		{D27217D6-6AE2-4263-A2ED-C6B69C5BFDE2}.Release|Any CPU.ActiveCfg = Release|Any CPU
		{D27217D6-6AE2-4263-A2ED-C6B69C5BFDE2}.Release|Any CPU.Build.0 = Release|Any CPU
		{F309245C-198A-4529-9CAE-1824654E8EE5}.Debug|Any CPU.ActiveCfg = Debug|Any CPU
		{F309245C-198A-4529-9CAE-1824654E8EE5}.Debug|Any CPU.Build.0 = Debug|Any CPU
		{F309245C-198A-4529-9CAE-1824654E8EE5}.Release|Any CPU.ActiveCfg = Release|Any CPU
		{F309245C-198A-4529-9CAE-1824654E8EE5}.Release|Any CPU.Build.0 = Release|Any CPU
		{ADD3A08C-60F4-4B02-BAB2-7A8D98DB046D}.Debug|Any CPU.ActiveCfg = Debug|Any CPU
		{ADD3A08C-60F4-4B02-BAB2-7A8D98DB046D}.Debug|Any CPU.Build.0 = Debug|Any CPU
		{ADD3A08C-60F4-4B02-BAB2-7A8D98DB046D}.Release|Any CPU.ActiveCfg = Release|Any CPU
		{ADD3A08C-60F4-4B02-BAB2-7A8D98DB046D}.Release|Any CPU.Build.0 = Release|Any CPU
		{5A822530-C003-42CF-A968-EC2BF746F601}.Debug|Any CPU.ActiveCfg = Debug|Any CPU
		{5A822530-C003-42CF-A968-EC2BF746F601}.Debug|Any CPU.Build.0 = Debug|Any CPU
		{5A822530-C003-42CF-A968-EC2BF746F601}.Release|Any CPU.ActiveCfg = Release|Any CPU
		{5A822530-C003-42CF-A968-EC2BF746F601}.Release|Any CPU.Build.0 = Release|Any CPU
		{105DD3AB-0A3E-4ADE-8DE6-75E2E019C97B}.Debug|Any CPU.ActiveCfg = Debug|Any CPU
		{105DD3AB-0A3E-4ADE-8DE6-75E2E019C97B}.Debug|Any CPU.Build.0 = Debug|Any CPU
		{105DD3AB-0A3E-4ADE-8DE6-75E2E019C97B}.Release|Any CPU.ActiveCfg = Release|Any CPU
		{105DD3AB-0A3E-4ADE-8DE6-75E2E019C97B}.Release|Any CPU.Build.0 = Release|Any CPU
		{83020FD5-12F5-4878-B14E-7790D2FE416A}.Debug|Any CPU.ActiveCfg = Debug|Any CPU
		{83020FD5-12F5-4878-B14E-7790D2FE416A}.Debug|Any CPU.Build.0 = Debug|Any CPU
		{83020FD5-12F5-4878-B14E-7790D2FE416A}.Release|Any CPU.ActiveCfg = Release|Any CPU
		{83020FD5-12F5-4878-B14E-7790D2FE416A}.Release|Any CPU.Build.0 = Release|Any CPU
		{64B714F1-9E44-40F7-BE62-0685ADC35BD8}.Debug|Any CPU.ActiveCfg = Debug|Any CPU
		{64B714F1-9E44-40F7-BE62-0685ADC35BD8}.Debug|Any CPU.Build.0 = Debug|Any CPU
		{64B714F1-9E44-40F7-BE62-0685ADC35BD8}.Release|Any CPU.ActiveCfg = Release|Any CPU
		{64B714F1-9E44-40F7-BE62-0685ADC35BD8}.Release|Any CPU.Build.0 = Release|Any CPU
		{AB8C68D7-16FA-4C3E-8D94-732A1E68DF91}.Debug|Any CPU.ActiveCfg = Debug|Any CPU
		{AB8C68D7-16FA-4C3E-8D94-732A1E68DF91}.Debug|Any CPU.Build.0 = Debug|Any CPU
		{AB8C68D7-16FA-4C3E-8D94-732A1E68DF91}.Release|Any CPU.ActiveCfg = Release|Any CPU
		{AB8C68D7-16FA-4C3E-8D94-732A1E68DF91}.Release|Any CPU.Build.0 = Release|Any CPU
		{C3C00637-EA2C-49EE-888D-8CD4298C3287}.Debug|Any CPU.ActiveCfg = Debug|Any CPU
		{C3C00637-EA2C-49EE-888D-8CD4298C3287}.Debug|Any CPU.Build.0 = Debug|Any CPU
		{C3C00637-EA2C-49EE-888D-8CD4298C3287}.Release|Any CPU.ActiveCfg = Release|Any CPU
		{C3C00637-EA2C-49EE-888D-8CD4298C3287}.Release|Any CPU.Build.0 = Release|Any CPU
		{945715A3-AFB8-4BAB-A282-2BFBBC6916B2}.Debug|Any CPU.ActiveCfg = Debug|Any CPU
		{945715A3-AFB8-4BAB-A282-2BFBBC6916B2}.Debug|Any CPU.Build.0 = Debug|Any CPU
		{945715A3-AFB8-4BAB-A282-2BFBBC6916B2}.Release|Any CPU.ActiveCfg = Release|Any CPU
		{945715A3-AFB8-4BAB-A282-2BFBBC6916B2}.Release|Any CPU.Build.0 = Release|Any CPU
		{CC377335-B71C-4F38-ADAF-A887B8EFAF09}.Debug|Any CPU.ActiveCfg = Debug|Any CPU
		{CC377335-B71C-4F38-ADAF-A887B8EFAF09}.Debug|Any CPU.Build.0 = Debug|Any CPU
		{CC377335-B71C-4F38-ADAF-A887B8EFAF09}.Release|Any CPU.ActiveCfg = Release|Any CPU
		{CC377335-B71C-4F38-ADAF-A887B8EFAF09}.Release|Any CPU.Build.0 = Release|Any CPU
		{C6501B46-15EB-411B-BEB6-54A6578AA7EC}.Debug|Any CPU.ActiveCfg = Debug|Any CPU
		{C6501B46-15EB-411B-BEB6-54A6578AA7EC}.Debug|Any CPU.Build.0 = Debug|Any CPU
		{C6501B46-15EB-411B-BEB6-54A6578AA7EC}.Release|Any CPU.ActiveCfg = Release|Any CPU
		{C6501B46-15EB-411B-BEB6-54A6578AA7EC}.Release|Any CPU.Build.0 = Release|Any CPU
		{49B7D3FC-6FA2-4A6C-ADFB-2F848A1826D2}.Debug|Any CPU.ActiveCfg = Debug|Any CPU
		{49B7D3FC-6FA2-4A6C-ADFB-2F848A1826D2}.Debug|Any CPU.Build.0 = Debug|Any CPU
		{49B7D3FC-6FA2-4A6C-ADFB-2F848A1826D2}.Release|Any CPU.ActiveCfg = Release|Any CPU
		{49B7D3FC-6FA2-4A6C-ADFB-2F848A1826D2}.Release|Any CPU.Build.0 = Release|Any CPU
		{6C05BC08-E2CF-491B-85BD-7E6F555C540B}.Debug|Any CPU.ActiveCfg = Debug|Any CPU
		{6C05BC08-E2CF-491B-85BD-7E6F555C540B}.Debug|Any CPU.Build.0 = Debug|Any CPU
		{6C05BC08-E2CF-491B-85BD-7E6F555C540B}.Release|Any CPU.ActiveCfg = Release|Any CPU
		{6C05BC08-E2CF-491B-85BD-7E6F555C540B}.Release|Any CPU.Build.0 = Release|Any CPU
		{632EEF6B-FC29-471F-995F-CE4DC74020C5}.Debug|Any CPU.ActiveCfg = Debug|Any CPU
		{632EEF6B-FC29-471F-995F-CE4DC74020C5}.Debug|Any CPU.Build.0 = Debug|Any CPU
		{632EEF6B-FC29-471F-995F-CE4DC74020C5}.Release|Any CPU.ActiveCfg = Release|Any CPU
		{632EEF6B-FC29-471F-995F-CE4DC74020C5}.Release|Any CPU.Build.0 = Release|Any CPU
	EndGlobalSection
	GlobalSection(SolutionProperties) = preSolution
		HideSolutionNode = FALSE
	EndGlobalSection
	GlobalSection(ExtensibilityGlobals) = postSolution
		SolutionGuid = {FF17D2BD-3268-4E9B-B8E3-4F639C56527B}
	EndGlobalSection
EndGlobal
